
Microsoft Visual Studio Solution File, Format Version 12.00
# Visual Studio 15
VisualStudioVersion = 15.0.27130.2027
MinimumVisualStudioVersion = 10.0.40219.1
Project("{FAE04EC0-301F-11D3-BF4B-00C04F79EFBC}") = "WebServiceLibrary", "WebServiceLibrary\WebServiceLibrary.csproj", "{C11F336D-D70D-4355-BD79-F3B6D89A44FB}"
EndProject
Project("{FAE04EC0-301F-11D3-BF4B-00C04F79EFBC}") = "AccesoDatos", "AccesoDatos\AccesoDatos.csproj", "{8E0A7189-1A47-4CF2-815C-8B352EE9442B}"
EndProject
Project("{FAE04EC0-301F-11D3-BF4B-00C04F79EFBC}") = "ClientWeb", "ClientWeb\ClientWeb.csproj", "{E993EB90-E487-4BC7-B376-36E3F51A3190}"
EndProject
Project("{FAE04EC0-301F-11D3-BF4B-00C04F79EFBC}") = "WebServiceWeb", "WebServiceWeb\WebServiceWeb.csproj", "{7FCFC781-F11D-40CD-B521-239172EB057C}"
EndProject
Project("{FAE04EC0-301F-11D3-BF4B-00C04F79EFBC}") = "Entidades", "Entidades\Entidades.csproj", "{C7906C14-D198-4827-AC2C-901659EA788F}"
EndProject
Global
	GlobalSection(SolutionConfigurationPlatforms) = preSolution
		Debug|Any CPU = Debug|Any CPU
		Release|Any CPU = Release|Any CPU
	EndGlobalSection
	GlobalSection(ProjectConfigurationPlatforms) = postSolution
		{C11F336D-D70D-4355-BD79-F3B6D89A44FB}.Debug|Any CPU.ActiveCfg = Debug|Any CPU
		{C11F336D-D70D-4355-BD79-F3B6D89A44FB}.Debug|Any CPU.Build.0 = Debug|Any CPU
		{C11F336D-D70D-4355-BD79-F3B6D89A44FB}.Release|Any CPU.ActiveCfg = Release|Any CPU
		{C11F336D-D70D-4355-BD79-F3B6D89A44FB}.Release|Any CPU.Build.0 = Release|Any CPU
		{8E0A7189-1A47-4CF2-815C-8B352EE9442B}.Debug|Any CPU.ActiveCfg = Debug|Any CPU
		{8E0A7189-1A47-4CF2-815C-8B352EE9442B}.Debug|Any CPU.Build.0 = Debug|Any CPU
		{8E0A7189-1A47-4CF2-815C-8B352EE9442B}.Release|Any CPU.ActiveCfg = Release|Any CPU
		{8E0A7189-1A47-4CF2-815C-8B352EE9442B}.Release|Any CPU.Build.0 = Release|Any CPU
		{E993EB90-E487-4BC7-B376-36E3F51A3190}.Debug|Any CPU.ActiveCfg = Debug|Any CPU
		{E993EB90-E487-4BC7-B376-36E3F51A3190}.Debug|Any CPU.Build.0 = Debug|Any CPU
		{E993EB90-E487-4BC7-B376-36E3F51A3190}.Release|Any CPU.ActiveCfg = Release|Any CPU
		{E993EB90-E487-4BC7-B376-36E3F51A3190}.Release|Any CPU.Build.0 = Release|Any CPU
		{7FCFC781-F11D-40CD-B521-239172EB057C}.Debug|Any CPU.ActiveCfg = Debug|Any CPU
		{7FCFC781-F11D-40CD-B521-239172EB057C}.Debug|Any CPU.Build.0 = Debug|Any CPU
		{7FCFC781-F11D-40CD-B521-239172EB057C}.Release|Any CPU.ActiveCfg = Release|Any CPU
		{7FCFC781-F11D-40CD-B521-239172EB057C}.Release|Any CPU.Build.0 = Release|Any CPU
		{C7906C14-D198-4827-AC2C-901659EA788F}.Debug|Any CPU.ActiveCfg = Debug|Any CPU
		{C7906C14-D198-4827-AC2C-901659EA788F}.Debug|Any CPU.Build.0 = Debug|Any CPU
		{C7906C14-D198-4827-AC2C-901659EA788F}.Release|Any CPU.ActiveCfg = Release|Any CPU
		{C7906C14-D198-4827-AC2C-901659EA788F}.Release|Any CPU.Build.0 = Release|Any CPU
	EndGlobalSection
	GlobalSection(SolutionProperties) = preSolution
		HideSolutionNode = FALSE
	EndGlobalSection
	GlobalSection(ExtensibilityGlobals) = postSolution
		SolutionGuid = {74A86DF7-139F-477A-A8CB-15A85D3B49B1}
	EndGlobalSection
EndGlobal
